
Microsoft Visual Studio Solution File, Format Version 12.00
# Visual Studio Version 17
VisualStudioVersion = 17.4.33205.214
MinimumVisualStudioVersion = 10.0.40219.1
Project("{FAE04EC0-301F-11D3-BF4B-00C04F79EFBC}") = "CMP1903-Assessment-1", "CMP1903-Assessment-1\CMP1903-Assessment-1.csproj", "{EAE589A6-B699-4124-8A68-67E25695A4B2}"
EndProject
Global
	GlobalSection(SolutionConfigurationPlatforms) = preSolution
		Debug|Any CPU = Debug|Any CPU
		Release|Any CPU = Release|Any CPU
	EndGlobalSection
	GlobalSection(ProjectConfigurationPlatforms) = postSolution
		{EAE589A6-B699-4124-8A68-67E25695A4B2}.Debug|Any CPU.ActiveCfg = Debug|Any CPU
		{EAE589A6-B699-4124-8A68-67E25695A4B2}.Debug|Any CPU.Build.0 = Debug|Any CPU
		{EAE589A6-B699-4124-8A68-67E25695A4B2}.Release|Any CPU.ActiveCfg = Release|Any CPU
		{EAE589A6-B699-4124-8A68-67E25695A4B2}.Release|Any CPU.Build.0 = Release|Any CPU
	EndGlobalSection
	GlobalSection(SolutionProperties) = preSolution
		HideSolutionNode = FALSE
	EndGlobalSection
	GlobalSection(ExtensibilityGlobals) = postSolution
		SolutionGuid = {1AE5770D-5693-4D04-844C-4F5BDEF0F49A}
	EndGlobalSection
EndGlobal
